
Microsoft Visual Studio Solution File, Format Version 12.00
# Visual Studio Version 17
VisualStudioVersion = 17.10.35004.147
MinimumVisualStudioVersion = 10.0.40219.1
Project("{FAE04EC0-301F-11D3-BF4B-00C04F79EFBC}") = "Calculator", "Calculator\Calculator.csproj", "{4C5F1BD1-7648-4CFB-BA46-DA85D7A7FD64}"
EndProject
Global
	GlobalSection(SolutionConfigurationPlatforms) = preSolution
		Debug|Any CPU = Debug|Any CPU
		Release|Any CPU = Release|Any CPU
	EndGlobalSection
	GlobalSection(ProjectConfigurationPlatforms) = postSolution
		{4C5F1BD1-7648-4CFB-BA46-DA85D7A7FD64}.Debug|Any CPU.ActiveCfg = Debug|Any CPU
		{4C5F1BD1-7648-4CFB-BA46-DA85D7A7FD64}.Debug|Any CPU.Build.0 = Debug|Any CPU
		{4C5F1BD1-7648-4CFB-BA46-DA85D7A7FD64}.Release|Any CPU.ActiveCfg = Release|Any CPU
		{4C5F1BD1-7648-4CFB-BA46-DA85D7A7FD64}.Release|Any CPU.Build.0 = Release|Any CPU
	EndGlobalSection
	GlobalSection(SolutionProperties) = preSolution
		HideSolutionNode = FALSE
	EndGlobalSection
	GlobalSection(ExtensibilityGlobals) = postSolution
		SolutionGuid = {A2C54B0D-FB1D-41B5-A367-D79A1AFD7E76}
	EndGlobalSection
EndGlobal
